
Microsoft Visual Studio Solution File, Format Version 12.00
# Visual Studio 15
VisualStudioVersion = 15.0.26124.0
MinimumVisualStudioVersion = 15.0.26124.0
Project("{FAE04EC0-301F-11D3-BF4B-00C04F79EFBC}") = "TikTakToe", "TikTakToe\TikTakToe.csproj", "{87F99279-9797-48B9-A4AD-D44D166FD95C}"
EndProject
Project("{FAE04EC0-301F-11D3-BF4B-00C04F79EFBC}") = "TikTakToe.Test", "TikTakToe.Test\TikTakToe.Test.csproj", "{AE36E489-72DC-4210-BE11-9F288503D2FD}"
EndProject
Global
	GlobalSection(SolutionConfigurationPlatforms) = preSolution
		Debug|Any CPU = Debug|Any CPU
		Debug|x64 = Debug|x64
		Debug|x86 = Debug|x86
		Release|Any CPU = Release|Any CPU
		Release|x64 = Release|x64
		Release|x86 = Release|x86
	EndGlobalSection
	GlobalSection(SolutionProperties) = preSolution
		HideSolutionNode = FALSE
	EndGlobalSection
	GlobalSection(ProjectConfigurationPlatforms) = postSolution
		{87F99279-9797-48B9-A4AD-D44D166FD95C}.Debug|Any CPU.ActiveCfg = Debug|Any CPU
		{87F99279-9797-48B9-A4AD-D44D166FD95C}.Debug|Any CPU.Build.0 = Debug|Any CPU
		{87F99279-9797-48B9-A4AD-D44D166FD95C}.Debug|x64.ActiveCfg = Debug|Any CPU
		{87F99279-9797-48B9-A4AD-D44D166FD95C}.Debug|x64.Build.0 = Debug|Any CPU
		{87F99279-9797-48B9-A4AD-D44D166FD95C}.Debug|x86.ActiveCfg = Debug|Any CPU
		{87F99279-9797-48B9-A4AD-D44D166FD95C}.Debug|x86.Build.0 = Debug|Any CPU
		{87F99279-9797-48B9-A4AD-D44D166FD95C}.Release|Any CPU.ActiveCfg = Release|Any CPU
		{87F99279-9797-48B9-A4AD-D44D166FD95C}.Release|Any CPU.Build.0 = Release|Any CPU
		{87F99279-9797-48B9-A4AD-D44D166FD95C}.Release|x64.ActiveCfg = Release|Any CPU
		{87F99279-9797-48B9-A4AD-D44D166FD95C}.Release|x64.Build.0 = Release|Any CPU
		{87F99279-9797-48B9-A4AD-D44D166FD95C}.Release|x86.ActiveCfg = Release|Any CPU
		{87F99279-9797-48B9-A4AD-D44D166FD95C}.Release|x86.Build.0 = Release|Any CPU
		{AE36E489-72DC-4210-BE11-9F288503D2FD}.Debug|Any CPU.ActiveCfg = Debug|Any CPU
		{AE36E489-72DC-4210-BE11-9F288503D2FD}.Debug|Any CPU.Build.0 = Debug|Any CPU
		{AE36E489-72DC-4210-BE11-9F288503D2FD}.Debug|x64.ActiveCfg = Debug|Any CPU
		{AE36E489-72DC-4210-BE11-9F288503D2FD}.Debug|x64.Build.0 = Debug|Any CPU
		{AE36E489-72DC-4210-BE11-9F288503D2FD}.Debug|x86.ActiveCfg = Debug|Any CPU
		{AE36E489-72DC-4210-BE11-9F288503D2FD}.Debug|x86.Build.0 = Debug|Any CPU
		{AE36E489-72DC-4210-BE11-9F288503D2FD}.Release|Any CPU.ActiveCfg = Release|Any CPU
		{AE36E489-72DC-4210-BE11-9F288503D2FD}.Release|Any CPU.Build.0 = Release|Any CPU
		{AE36E489-72DC-4210-BE11-9F288503D2FD}.Release|x64.ActiveCfg = Release|Any CPU
		{AE36E489-72DC-4210-BE11-9F288503D2FD}.Release|x64.Build.0 = Release|Any CPU
		{AE36E489-72DC-4210-BE11-9F288503D2FD}.Release|x86.ActiveCfg = Release|Any CPU
		{AE36E489-72DC-4210-BE11-9F288503D2FD}.Release|x86.Build.0 = Release|Any CPU
	EndGlobalSection
EndGlobal
